
Microsoft Visual Studio Solution File, Format Version 12.00
# Visual Studio 15
VisualStudioVersion = 15.0.27004.2005
MinimumVisualStudioVersion = 10.0.40219.1
Project("{FAE04EC0-301F-11D3-BF4B-00C04F79EFBC}") = "zakladki01", "zakladki01\zakladki01.csproj", "{182143AB-8907-4BA3-858C-75FCF191A489}"
EndProject
Global
	GlobalSection(SolutionConfigurationPlatforms) = preSolution
		Debug|Any CPU = Debug|Any CPU
		Release|Any CPU = Release|Any CPU
	EndGlobalSection
	GlobalSection(ProjectConfigurationPlatforms) = postSolution
		{182143AB-8907-4BA3-858C-75FCF191A489}.Debug|Any CPU.ActiveCfg = Debug|Any CPU
		{182143AB-8907-4BA3-858C-75FCF191A489}.Debug|Any CPU.Build.0 = Debug|Any CPU
		{182143AB-8907-4BA3-858C-75FCF191A489}.Release|Any CPU.ActiveCfg = Release|Any CPU
		{182143AB-8907-4BA3-858C-75FCF191A489}.Release|Any CPU.Build.0 = Release|Any CPU
	EndGlobalSection
	GlobalSection(SolutionProperties) = preSolution
		HideSolutionNode = FALSE
	EndGlobalSection
	GlobalSection(ExtensibilityGlobals) = postSolution
		SolutionGuid = {377F89A0-EA4F-45F7-B80C-40FFA9B2F9DA}
	EndGlobalSection
EndGlobal
